
Microsoft Visual Studio Solution File, Format Version 12.00
# Visual Studio 15
VisualStudioVersion = 15.0.28010.2003
MinimumVisualStudioVersion = 10.0.40219.1
Project("{FAE04EC0-301F-11D3-BF4B-00C04F79EFBC}") = "RiddleBot", "RiddleBot\RiddleBot.csproj", "{3E462A01-C653-43AE-A18C-94684BB4F250}"
EndProject
Global
	GlobalSection(SolutionConfigurationPlatforms) = preSolution
		Debug|Any CPU = Debug|Any CPU
		Release|Any CPU = Release|Any CPU
	EndGlobalSection
	GlobalSection(ProjectConfigurationPlatforms) = postSolution
		{3E462A01-C653-43AE-A18C-94684BB4F250}.Debug|Any CPU.ActiveCfg = Debug|Any CPU
		{3E462A01-C653-43AE-A18C-94684BB4F250}.Debug|Any CPU.Build.0 = Debug|Any CPU
		{3E462A01-C653-43AE-A18C-94684BB4F250}.Release|Any CPU.ActiveCfg = Release|Any CPU
		{3E462A01-C653-43AE-A18C-94684BB4F250}.Release|Any CPU.Build.0 = Release|Any CPU
	EndGlobalSection
	GlobalSection(SolutionProperties) = preSolution
		HideSolutionNode = FALSE
	EndGlobalSection
	GlobalSection(ExtensibilityGlobals) = postSolution
		SolutionGuid = {DB3C03F0-1536-46FA-9C12-9A8A387CCF70}
	EndGlobalSection
EndGlobal
